
Microsoft Visual Studio Solution File, Format Version 12.00
# Visual Studio Version 17
VisualStudioVersion = 17.1.32210.238
MinimumVisualStudioVersion = 10.0.40219.1
Project("{FAE04EC0-301F-11D3-BF4B-00C04F79EFBC}") = "3페이지 level 1 1번- 직사각형별찍기", "Problem level 1 - 직사각형별찍기\3페이지 level 1 1번- 직사각형별찍기.csproj", "{ACC319E8-AB0D-4A6E-AB0C-38419695589D}"
EndProject
Project("{FAE04EC0-301F-11D3-BF4B-00C04F79EFBC}") = "3페이지 level 1 2번- x만큼 간격이 있는 n개의 숫자", "Problem level 1 - x만큼 간격이 있는 n개의 숫자\3페이지 level 1 2번- x만큼 간격이 있는 n개의 숫자.csproj", "{1F2EC270-307F-4E50-9318-5DD82CF44D0B}"
EndProject
Project("{FAE04EC0-301F-11D3-BF4B-00C04F79EFBC}") = "3페이지 level 1 3번- 행렬의 덧셈", "Problem level 1 - 행렬의 덧셈\3페이지 level 1 3번- 행렬의 덧셈.csproj", "{A70AAF0F-1689-457A-8CAB-BB21D589F4D9}"
EndProject
Project("{FAE04EC0-301F-11D3-BF4B-00C04F79EFBC}") = "3페이지 level 1 4번- 핸드폰 번호 가리기", "Problem level 1 - 핸드폰 번호 가리기\3페이지 level 1 4번- 핸드폰 번호 가리기.csproj", "{538DCCEE-57D4-4AE0-B9AF-22C23E60625B}"
EndProject
Project("{FAE04EC0-301F-11D3-BF4B-00C04F79EFBC}") = "3페이지 level 1 5번- 하샤드 수", "Problem level 1 - 하샤드 수\3페이지 level 1 5번- 하샤드 수.csproj", "{69EA4176-22D0-41E0-9A16-D9D1A538F172}"
EndProject
Project("{FAE04EC0-301F-11D3-BF4B-00C04F79EFBC}") = "2페이지 level 1 1번 - 평균구하기", "2페이지 level 1 1번 - 평균구하기\2페이지 level 1 1번 - 평균구하기.csproj", "{38EB66DC-313D-41B6-B38B-D86D5813A8DC}"
EndProject
Project("{FAE04EC0-301F-11D3-BF4B-00C04F79EFBC}") = "2페이지 level 1 2번 - 콜라츠추측", "2페이지 level 1 2번 - 콜라츠추측\2페이지 level 1 2번 - 콜라츠추측.csproj", "{8A1354A0-760B-4DA8-A354-AE56B8B5DEE3}"
EndProject
Global
	GlobalSection(SolutionConfigurationPlatforms) = preSolution
		Debug|Any CPU = Debug|Any CPU
		Release|Any CPU = Release|Any CPU
	EndGlobalSection
	GlobalSection(ProjectConfigurationPlatforms) = postSolution
		{ACC319E8-AB0D-4A6E-AB0C-38419695589D}.Debug|Any CPU.ActiveCfg = Debug|Any CPU
		{ACC319E8-AB0D-4A6E-AB0C-38419695589D}.Debug|Any CPU.Build.0 = Debug|Any CPU
		{ACC319E8-AB0D-4A6E-AB0C-38419695589D}.Release|Any CPU.ActiveCfg = Release|Any CPU
		{ACC319E8-AB0D-4A6E-AB0C-38419695589D}.Release|Any CPU.Build.0 = Release|Any CPU
		{1F2EC270-307F-4E50-9318-5DD82CF44D0B}.Debug|Any CPU.ActiveCfg = Debug|Any CPU
		{1F2EC270-307F-4E50-9318-5DD82CF44D0B}.Debug|Any CPU.Build.0 = Debug|Any CPU
		{1F2EC270-307F-4E50-9318-5DD82CF44D0B}.Release|Any CPU.ActiveCfg = Release|Any CPU
		{1F2EC270-307F-4E50-9318-5DD82CF44D0B}.Release|Any CPU.Build.0 = Release|Any CPU
		{A70AAF0F-1689-457A-8CAB-BB21D589F4D9}.Debug|Any CPU.ActiveCfg = Debug|Any CPU
		{A70AAF0F-1689-457A-8CAB-BB21D589F4D9}.Debug|Any CPU.Build.0 = Debug|Any CPU
		{A70AAF0F-1689-457A-8CAB-BB21D589F4D9}.Release|Any CPU.ActiveCfg = Release|Any CPU
		{A70AAF0F-1689-457A-8CAB-BB21D589F4D9}.Release|Any CPU.Build.0 = Release|Any CPU
		{538DCCEE-57D4-4AE0-B9AF-22C23E60625B}.Debug|Any CPU.ActiveCfg = Debug|Any CPU
		{538DCCEE-57D4-4AE0-B9AF-22C23E60625B}.Debug|Any CPU.Build.0 = Debug|Any CPU
		{538DCCEE-57D4-4AE0-B9AF-22C23E60625B}.Release|Any CPU.ActiveCfg = Release|Any CPU
		{538DCCEE-57D4-4AE0-B9AF-22C23E60625B}.Release|Any CPU.Build.0 = Release|Any CPU
		{69EA4176-22D0-41E0-9A16-D9D1A538F172}.Debug|Any CPU.ActiveCfg = Debug|Any CPU
		{69EA4176-22D0-41E0-9A16-D9D1A538F172}.Debug|Any CPU.Build.0 = Debug|Any CPU
		{69EA4176-22D0-41E0-9A16-D9D1A538F172}.Release|Any CPU.ActiveCfg = Release|Any CPU
		{69EA4176-22D0-41E0-9A16-D9D1A538F172}.Release|Any CPU.Build.0 = Release|Any CPU
		{38EB66DC-313D-41B6-B38B-D86D5813A8DC}.Debug|Any CPU.ActiveCfg = Debug|Any CPU
		{38EB66DC-313D-41B6-B38B-D86D5813A8DC}.Debug|Any CPU.Build.0 = Debug|Any CPU
		{38EB66DC-313D-41B6-B38B-D86D5813A8DC}.Release|Any CPU.ActiveCfg = Release|Any CPU
		{38EB66DC-313D-41B6-B38B-D86D5813A8DC}.Release|Any CPU.Build.0 = Release|Any CPU
		{8A1354A0-760B-4DA8-A354-AE56B8B5DEE3}.Debug|Any CPU.ActiveCfg = Debug|Any CPU
		{8A1354A0-760B-4DA8-A354-AE56B8B5DEE3}.Debug|Any CPU.Build.0 = Debug|Any CPU
		{8A1354A0-760B-4DA8-A354-AE56B8B5DEE3}.Release|Any CPU.ActiveCfg = Release|Any CPU
		{8A1354A0-760B-4DA8-A354-AE56B8B5DEE3}.Release|Any CPU.Build.0 = Release|Any CPU
	EndGlobalSection
	GlobalSection(SolutionProperties) = preSolution
		HideSolutionNode = FALSE
	EndGlobalSection
	GlobalSection(ExtensibilityGlobals) = postSolution
		SolutionGuid = {619ABE18-2C9A-47C2-916A-69180F23C19F}
	EndGlobalSection
EndGlobal
