
Microsoft Visual Studio Solution File, Format Version 12.00
# Visual Studio Version 17
VisualStudioVersion = 17.1.32210.238
MinimumVisualStudioVersion = 10.0.40219.1
Project("{FAE04EC0-301F-11D3-BF4B-00C04F79EFBC}") = "Problem level 1 - 직사각형별찍기", "Problem level 1 - 직사각형별찍기\Problem level 1 - 직사각형별찍기.csproj", "{ACC319E8-AB0D-4A6E-AB0C-38419695589D}"
EndProject
Project("{FAE04EC0-301F-11D3-BF4B-00C04F79EFBC}") = "Problem level 1 - x만큼 간격이 있는 n개의 숫자", "Problem level 1 - x만큼 간격이 있는 n개의 숫자\Problem level 1 - x만큼 간격이 있는 n개의 숫자.csproj", "{1F2EC270-307F-4E50-9318-5DD82CF44D0B}"
EndProject
Project("{FAE04EC0-301F-11D3-BF4B-00C04F79EFBC}") = "Problem level 1 - 행렬의 덧셈", "Problem level 1 - 행렬의 덧셈\Problem level 1 - 행렬의 덧셈.csproj", "{A70AAF0F-1689-457A-8CAB-BB21D589F4D9}"
EndProject
Project("{FAE04EC0-301F-11D3-BF4B-00C04F79EFBC}") = "Problem level 1 - 핸드폰 번호 가리기", "Problem level 1 - 핸드폰 번호 가리기\Problem level 1 - 핸드폰 번호 가리기.csproj", "{538DCCEE-57D4-4AE0-B9AF-22C23E60625B}"
EndProject
Global
	GlobalSection(SolutionConfigurationPlatforms) = preSolution
		Debug|Any CPU = Debug|Any CPU
		Release|Any CPU = Release|Any CPU
	EndGlobalSection
	GlobalSection(ProjectConfigurationPlatforms) = postSolution
		{ACC319E8-AB0D-4A6E-AB0C-38419695589D}.Debug|Any CPU.ActiveCfg = Debug|Any CPU
		{ACC319E8-AB0D-4A6E-AB0C-38419695589D}.Debug|Any CPU.Build.0 = Debug|Any CPU
		{ACC319E8-AB0D-4A6E-AB0C-38419695589D}.Release|Any CPU.ActiveCfg = Release|Any CPU
		{ACC319E8-AB0D-4A6E-AB0C-38419695589D}.Release|Any CPU.Build.0 = Release|Any CPU
		{1F2EC270-307F-4E50-9318-5DD82CF44D0B}.Debug|Any CPU.ActiveCfg = Debug|Any CPU
		{1F2EC270-307F-4E50-9318-5DD82CF44D0B}.Debug|Any CPU.Build.0 = Debug|Any CPU
		{1F2EC270-307F-4E50-9318-5DD82CF44D0B}.Release|Any CPU.ActiveCfg = Release|Any CPU
		{1F2EC270-307F-4E50-9318-5DD82CF44D0B}.Release|Any CPU.Build.0 = Release|Any CPU
		{A70AAF0F-1689-457A-8CAB-BB21D589F4D9}.Debug|Any CPU.ActiveCfg = Debug|Any CPU
		{A70AAF0F-1689-457A-8CAB-BB21D589F4D9}.Debug|Any CPU.Build.0 = Debug|Any CPU
		{A70AAF0F-1689-457A-8CAB-BB21D589F4D9}.Release|Any CPU.ActiveCfg = Release|Any CPU
		{A70AAF0F-1689-457A-8CAB-BB21D589F4D9}.Release|Any CPU.Build.0 = Release|Any CPU
		{538DCCEE-57D4-4AE0-B9AF-22C23E60625B}.Debug|Any CPU.ActiveCfg = Debug|Any CPU
		{538DCCEE-57D4-4AE0-B9AF-22C23E60625B}.Debug|Any CPU.Build.0 = Debug|Any CPU
		{538DCCEE-57D4-4AE0-B9AF-22C23E60625B}.Release|Any CPU.ActiveCfg = Release|Any CPU
		{538DCCEE-57D4-4AE0-B9AF-22C23E60625B}.Release|Any CPU.Build.0 = Release|Any CPU
	EndGlobalSection
	GlobalSection(SolutionProperties) = preSolution
		HideSolutionNode = FALSE
	EndGlobalSection
	GlobalSection(ExtensibilityGlobals) = postSolution
		SolutionGuid = {619ABE18-2C9A-47C2-916A-69180F23C19F}
	EndGlobalSection
EndGlobal
